
Microsoft Visual Studio Solution File, Format Version 12.00
# Visual Studio Version 17
VisualStudioVersion = 17.14.36408.4
MinimumVisualStudioVersion = 10.0.40219.1
Project("{2150E333-8FDC-42A3-9474-1A3956D46DE8}") = "ProductService", "ProductService", "{02EA681E-C7D8-13C7-8484-4AC65E1B71E8}"
EndProject
Project("{2150E333-8FDC-42A3-9474-1A3956D46DE8}") = "OrderService", "OrderService", "{1024280B-FA2A-4275-930C-6EDF5E679171}"
EndProject
Project("{2150E333-8FDC-42A3-9474-1A3956D46DE8}") = "ClientService", "ClientService", "{030FC8E9-6CB4-4814-A333-3E136A8868AE}"
EndProject
Project("{9A19103F-16F7-4668-BE54-9A1E7A4F7556}") = "Client.API", "ClientService\Client.API\Client.API.csproj", "{08A5F2F0-A72C-4B10-A9A8-AEAA9AD5E5A3}"
EndProject
Project("{9A19103F-16F7-4668-BE54-9A1E7A4F7556}") = "Product.API", "ProductService\Product.API\Product.API.csproj", "{B14E56F0-4000-4EB5-B7A7-981F376A1959}"
EndProject
Project("{9A19103F-16F7-4668-BE54-9A1E7A4F7556}") = "Product.BusinessLogicLayer", "ProductService\Product.BusinessLogicLayer\Product.BusinessLogicLayer.csproj", "{6A15F9D1-9863-429E-9443-F1F6DAD88695}"
EndProject
Project("{9A19103F-16F7-4668-BE54-9A1E7A4F7556}") = "Product.DataAccessLayer", "ProductService\Product.DataAccessLayer\Product.DataAccessLayer.csproj", "{2AD72240-6767-445F-A1C8-6AAF72A1879E}"
EndProject
Project("{9A19103F-16F7-4668-BE54-9A1E7A4F7556}") = "Order.API", "OrderService\Order.API\Order.API.csproj", "{F728DB74-5105-4A1B-B507-F64A7F508E7A}"
EndProject
Project("{9A19103F-16F7-4668-BE54-9A1E7A4F7556}") = "Order.DataAccessLayer", "OrderService\Order.DataAccessLayer\Order.DataAccessLayer.csproj", "{3FD699A2-8EE4-483F-AE63-04F3149AF77E}"
EndProject
Project("{9A19103F-16F7-4668-BE54-9A1E7A4F7556}") = "Order.BusinessLogicLayer", "OrderService\Order.BusinessLogicLayer\Order.BusinessLogicLayer.csproj", "{C4321185-18EE-46CA-B452-B5C5D5654AB0}"
EndProject
Project("{E53339B2-1760-4266-BCC7-CA923CBCF16C}") = "docker-compose", "docker-compose.dcproj", "{81DDED9D-158B-E303-5F62-77A2896D2A5A}"
EndProject
Global
	GlobalSection(SolutionConfigurationPlatforms) = preSolution
		Debug|Any CPU = Debug|Any CPU
		Release|Any CPU = Release|Any CPU
	EndGlobalSection
	GlobalSection(ProjectConfigurationPlatforms) = postSolution
		{08A5F2F0-A72C-4B10-A9A8-AEAA9AD5E5A3}.Debug|Any CPU.ActiveCfg = Debug|Any CPU
		{08A5F2F0-A72C-4B10-A9A8-AEAA9AD5E5A3}.Debug|Any CPU.Build.0 = Debug|Any CPU
		{08A5F2F0-A72C-4B10-A9A8-AEAA9AD5E5A3}.Release|Any CPU.ActiveCfg = Release|Any CPU
		{08A5F2F0-A72C-4B10-A9A8-AEAA9AD5E5A3}.Release|Any CPU.Build.0 = Release|Any CPU
		{B14E56F0-4000-4EB5-B7A7-981F376A1959}.Debug|Any CPU.ActiveCfg = Debug|Any CPU
		{B14E56F0-4000-4EB5-B7A7-981F376A1959}.Debug|Any CPU.Build.0 = Debug|Any CPU
		{B14E56F0-4000-4EB5-B7A7-981F376A1959}.Release|Any CPU.ActiveCfg = Release|Any CPU
		{B14E56F0-4000-4EB5-B7A7-981F376A1959}.Release|Any CPU.Build.0 = Release|Any CPU
		{6A15F9D1-9863-429E-9443-F1F6DAD88695}.Debug|Any CPU.ActiveCfg = Debug|Any CPU
		{6A15F9D1-9863-429E-9443-F1F6DAD88695}.Debug|Any CPU.Build.0 = Debug|Any CPU
		{6A15F9D1-9863-429E-9443-F1F6DAD88695}.Release|Any CPU.ActiveCfg = Release|Any CPU
		{6A15F9D1-9863-429E-9443-F1F6DAD88695}.Release|Any CPU.Build.0 = Release|Any CPU
		{2AD72240-6767-445F-A1C8-6AAF72A1879E}.Debug|Any CPU.ActiveCfg = Debug|Any CPU
		{2AD72240-6767-445F-A1C8-6AAF72A1879E}.Debug|Any CPU.Build.0 = Debug|Any CPU
		{2AD72240-6767-445F-A1C8-6AAF72A1879E}.Release|Any CPU.ActiveCfg = Release|Any CPU
		{2AD72240-6767-445F-A1C8-6AAF72A1879E}.Release|Any CPU.Build.0 = Release|Any CPU
		{F728DB74-5105-4A1B-B507-F64A7F508E7A}.Debug|Any CPU.ActiveCfg = Debug|Any CPU
		{F728DB74-5105-4A1B-B507-F64A7F508E7A}.Debug|Any CPU.Build.0 = Debug|Any CPU
		{F728DB74-5105-4A1B-B507-F64A7F508E7A}.Release|Any CPU.ActiveCfg = Release|Any CPU
		{F728DB74-5105-4A1B-B507-F64A7F508E7A}.Release|Any CPU.Build.0 = Release|Any CPU
		{3FD699A2-8EE4-483F-AE63-04F3149AF77E}.Debug|Any CPU.ActiveCfg = Debug|Any CPU
		{3FD699A2-8EE4-483F-AE63-04F3149AF77E}.Debug|Any CPU.Build.0 = Debug|Any CPU
		{3FD699A2-8EE4-483F-AE63-04F3149AF77E}.Release|Any CPU.ActiveCfg = Release|Any CPU
		{3FD699A2-8EE4-483F-AE63-04F3149AF77E}.Release|Any CPU.Build.0 = Release|Any CPU
		{C4321185-18EE-46CA-B452-B5C5D5654AB0}.Debug|Any CPU.ActiveCfg = Debug|Any CPU
		{C4321185-18EE-46CA-B452-B5C5D5654AB0}.Debug|Any CPU.Build.0 = Debug|Any CPU
		{C4321185-18EE-46CA-B452-B5C5D5654AB0}.Release|Any CPU.ActiveCfg = Release|Any CPU
		{C4321185-18EE-46CA-B452-B5C5D5654AB0}.Release|Any CPU.Build.0 = Release|Any CPU
		{81DDED9D-158B-E303-5F62-77A2896D2A5A}.Debug|Any CPU.ActiveCfg = Debug|Any CPU
		{81DDED9D-158B-E303-5F62-77A2896D2A5A}.Debug|Any CPU.Build.0 = Debug|Any CPU
		{81DDED9D-158B-E303-5F62-77A2896D2A5A}.Release|Any CPU.ActiveCfg = Release|Any CPU
		{81DDED9D-158B-E303-5F62-77A2896D2A5A}.Release|Any CPU.Build.0 = Release|Any CPU
	EndGlobalSection
	GlobalSection(SolutionProperties) = preSolution
		HideSolutionNode = FALSE
	EndGlobalSection
	GlobalSection(NestedProjects) = preSolution
		{08A5F2F0-A72C-4B10-A9A8-AEAA9AD5E5A3} = {030FC8E9-6CB4-4814-A333-3E136A8868AE}
		{B14E56F0-4000-4EB5-B7A7-981F376A1959} = {02EA681E-C7D8-13C7-8484-4AC65E1B71E8}
		{6A15F9D1-9863-429E-9443-F1F6DAD88695} = {02EA681E-C7D8-13C7-8484-4AC65E1B71E8}
		{2AD72240-6767-445F-A1C8-6AAF72A1879E} = {02EA681E-C7D8-13C7-8484-4AC65E1B71E8}
		{F728DB74-5105-4A1B-B507-F64A7F508E7A} = {1024280B-FA2A-4275-930C-6EDF5E679171}
		{3FD699A2-8EE4-483F-AE63-04F3149AF77E} = {1024280B-FA2A-4275-930C-6EDF5E679171}
		{C4321185-18EE-46CA-B452-B5C5D5654AB0} = {1024280B-FA2A-4275-930C-6EDF5E679171}
	EndGlobalSection
	GlobalSection(ExtensibilityGlobals) = postSolution
		SolutionGuid = {97C1EDDA-72D5-4A91-9AC4-248684D34A15}
	EndGlobalSection
EndGlobal
